<?xml version="1.0" encoding="utf-8"?>
<Project ToolsVersion="4.0" xmlns="http://schemas.microsoft.com/developer/msbuild/2003">
  <ItemGroup>
    <Filter Include="Resource Files">
      <UniqueIdentifier>{67DA6AB6-F800-4c08-8B7A-83BB121AAD01}</UniqueIdentifier>
      <Extensions>rc;ico;cur;bmp;dlg;rc2;rct;bin;rgs;gif;jpg;jpeg;jpe;resx;tiff;tif;png;wav;mfcribbon-ms</Extensions>
    </Filter>
    <Filter Include="center_server">
      <UniqueIdentifier>{c3150226-70a7-4102-9ac7-71f571b13802}</UniqueIdentifier>
    </Filter>
    <Filter Include="common">
      <UniqueIdentifier>{8025591e-7c0d-4b96-ace5-1c428241c0b6}</UniqueIdentifier>
    </Filter>
    <Filter Include="core">
      <UniqueIdentifier>{68b96497-c3ea-4c20-aef8-949d422c4c21}</UniqueIdentifier>
    </Filter>
    <Filter Include="http_server">
      <UniqueIdentifier>{60955ad1-6484-46c5-93c8-00334c2c8ad2}</UniqueIdentifier>
    </Filter>
    <Filter Include="json">
      <UniqueIdentifier>{62ee89a2-9bde-4112-bb08-d64f0632a019}</UniqueIdentifier>
    </Filter>
    <Filter Include="libnet">
      <UniqueIdentifier>{ddef12d2-e361-49be-bcb3-b9d6b3293164}</UniqueIdentifier>
    </Filter>
    <Filter Include="protocol">
      <UniqueIdentifier>{288f5460-f473-4650-be5d-bbd9a7963a6d}</UniqueIdentifier>
    </Filter>
    <Filter Include="src">
      <UniqueIdentifier>{c86df804-b027-4fa3-8472-6cd3d498cf5c}</UniqueIdentifier>
    </Filter>
    <Filter Include="platform_server">
      <UniqueIdentifier>{3b7c7af6-8c3c-4a75-b519-c43bda1d8ebc}</UniqueIdentifier>
    </Filter>
    <Filter Include="json\rapidjson">
      <UniqueIdentifier>{d0f2f480-c4b0-4fda-a513-d98ef4938e48}</UniqueIdentifier>
    </Filter>
    <Filter Include="json\rapidjson\internal">
      <UniqueIdentifier>{c2f35f7b-2b1c-44c9-8a94-329459bb4d1a}</UniqueIdentifier>
    </Filter>
  </ItemGroup>
  <ItemGroup>
    <ClCompile Include="..\..\center_server\CenterServer.cpp">
      <Filter>center_server</Filter>
    </ClCompile>
    <ClCompile Include="..\..\core\cache_queue.cpp">
      <Filter>core</Filter>
    </ClCompile>
    <ClCompile Include="..\..\core\message_queue.cpp">
      <Filter>core</Filter>
    </ClCompile>
    <ClCompile Include="..\..\core\nanomsg_socket.cpp">
      <Filter>core</Filter>
    </ClCompile>
    <ClCompile Include="..\..\core\NetHead.cpp">
      <Filter>core</Filter>
    </ClCompile>
    <ClCompile Include="..\..\core\NetPackage.cpp">
      <Filter>core</Filter>
    </ClCompile>
    <ClCompile Include="..\..\core\socket_core.cpp">
      <Filter>core</Filter>
    </ClCompile>
    <ClCompile Include="..\..\http_server\http_server_business.cpp">
      <Filter>http_server</Filter>
    </ClCompile>
    <ClCompile Include="..\..\libnet\http_server.cpp">
      <Filter>libnet</Filter>
    </ClCompile>
    <ClCompile Include="..\..\libnet\net.cpp">
      <Filter>libnet</Filter>
    </ClCompile>
    <ClCompile Include="..\..\libnet\object.cpp">
      <Filter>libnet</Filter>
    </ClCompile>
    <ClCompile Include="..\..\libnet\session_manager.cpp">
      <Filter>libnet</Filter>
    </ClCompile>
    <ClCompile Include="..\..\libnet\socket_client.cpp">
      <Filter>libnet</Filter>
    </ClCompile>
    <ClCompile Include="..\..\libnet\socket_listener.cpp">
      <Filter>libnet</Filter>
    </ClCompile>
    <ClCompile Include="..\..\libnet\socket_processor.cpp">
      <Filter>libnet</Filter>
    </ClCompile>
    <ClCompile Include="..\..\libnet\socket_server.cpp">
      <Filter>libnet</Filter>
    </ClCompile>
    <ClCompile Include="..\..\libnet\socket_session.cpp">
      <Filter>libnet</Filter>
    </ClCompile>
    <ClCompile Include="..\..\libnet\socket_timer.cpp">
      <Filter>libnet</Filter>
    </ClCompile>
    <ClCompile Include="..\..\platform_server\client_main.cpp">
      <Filter>platform_server</Filter>
    </ClCompile>
    <ClCompile Include="..\..\platform_server\Desk.cpp">
      <Filter>platform_server</Filter>
    </ClCompile>
    <ClCompile Include="..\..\platform_server\PlatformServer.cpp">
      <Filter>platform_server</Filter>
    </ClCompile>
    <ClCompile Include="..\..\platform_server\room.cpp">
      <Filter>platform_server</Filter>
    </ClCompile>
    <ClCompile Include="..\..\platform_server\RoomManager.cpp">
      <Filter>platform_server</Filter>
    </ClCompile>
    <ClCompile Include="..\..\platform_server\Users.cpp">
      <Filter>platform_server</Filter>
    </ClCompile>
    <ClCompile Include="..\..\protocol\game.pb.cc">
      <Filter>protocol</Filter>
    </ClCompile>
    <ClCompile Include="..\..\protocol\platform.pb.cc">
      <Filter>protocol</Filter>
    </ClCompile>
    <ClCompile Include="..\..\src\center_server_main.cpp">
      <Filter>src</Filter>
    </ClCompile>
    <ClCompile Include="..\..\src\http_server_main.cpp">
      <Filter>src</Filter>
    </ClCompile>
    <ClCompile Include="..\..\src\main.cpp">
      <Filter>src</Filter>
    </ClCompile>
    <ClCompile Include="..\..\src\platform_server_main.cpp">
      <Filter>src</Filter>
    </ClCompile>
    <ClCompile Include="..\..\src\pubsub_main.cpp">
      <Filter>src</Filter>
    </ClCompile>
  </ItemGroup>
  <ItemGroup>
    <ClInclude Include="..\..\center_server\CenterServer.h">
      <Filter>center_server</Filter>
    </ClInclude>
    <ClInclude Include="..\..\common\common_marco.h">
      <Filter>common</Filter>
    </ClInclude>
    <ClInclude Include="..\..\common\common_struct.h">
      <Filter>common</Filter>
    </ClInclude>
    <ClInclude Include="..\..\common\common_type.h">
      <Filter>common</Filter>
    </ClInclude>
    <ClInclude Include="..\..\core\cache_queue.h">
      <Filter>core</Filter>
    </ClInclude>
    <ClInclude Include="..\..\core\message_queue.h">
      <Filter>core</Filter>
    </ClInclude>
    <ClInclude Include="..\..\core\nanomsg_socket.h">
      <Filter>core</Filter>
    </ClInclude>
    <ClInclude Include="..\..\core\NetHead.h">
      <Filter>core</Filter>
    </ClInclude>
    <ClInclude Include="..\..\core\NetPackage.h">
      <Filter>core</Filter>
    </ClInclude>
    <ClInclude Include="..\..\core\socket_core.h">
      <Filter>core</Filter>
    </ClInclude>
    <ClInclude Include="..\..\http_server\http_server_business.h">
      <Filter>http_server</Filter>
    </ClInclude>
    <ClInclude Include="..\..\libnet\http_server.h">
      <Filter>libnet</Filter>
    </ClInclude>
    <ClInclude Include="..\..\libnet\net.h">
      <Filter>libnet</Filter>
    </ClInclude>
    <ClInclude Include="..\..\libnet\object.h">
      <Filter>libnet</Filter>
    </ClInclude>
    <ClInclude Include="..\..\libnet\session_manager.h">
      <Filter>libnet</Filter>
    </ClInclude>
    <ClInclude Include="..\..\libnet\socket_client.h">
      <Filter>libnet</Filter>
    </ClInclude>
    <ClInclude Include="..\..\libnet\socket_hanlder.h">
      <Filter>libnet</Filter>
    </ClInclude>
    <ClInclude Include="..\..\libnet\socket_listener.h">
      <Filter>libnet</Filter>
    </ClInclude>
    <ClInclude Include="..\..\libnet\socket_processor.h">
      <Filter>libnet</Filter>
    </ClInclude>
    <ClInclude Include="..\..\libnet\socket_server.h">
      <Filter>libnet</Filter>
    </ClInclude>
    <ClInclude Include="..\..\libnet\socket_session.h">
      <Filter>libnet</Filter>
    </ClInclude>
    <ClInclude Include="..\..\libnet\socket_timer.h">
      <Filter>libnet</Filter>
    </ClInclude>
    <ClInclude Include="..\..\platform_server\client_main.h">
      <Filter>platform_server</Filter>
    </ClInclude>
    <ClInclude Include="..\..\platform_server\Desk.h">
      <Filter>platform_server</Filter>
    </ClInclude>
    <ClInclude Include="..\..\platform_server\PlatformServer.h">
      <Filter>platform_server</Filter>
    </ClInclude>
    <ClInclude Include="..\..\platform_server\room.h">
      <Filter>platform_server</Filter>
    </ClInclude>
    <ClInclude Include="..\..\platform_server\RoomManager.h">
      <Filter>platform_server</Filter>
    </ClInclude>
    <ClInclude Include="..\..\platform_server\Users.h">
      <Filter>platform_server</Filter>
    </ClInclude>
    <ClInclude Include="..\..\protocol\command.h">
      <Filter>protocol</Filter>
    </ClInclude>
    <ClInclude Include="..\..\protocol\game.pb.h">
      <Filter>protocol</Filter>
    </ClInclude>
    <ClInclude Include="..\..\protocol\platform.pb.h">
      <Filter>protocol</Filter>
    </ClInclude>
    <ClInclude Include="..\..\src\main.h">
      <Filter>src</Filter>
    </ClInclude>
    <ClInclude Include="..\..\json\rapidjson\document.h">
      <Filter>json\rapidjson</Filter>
    </ClInclude>
    <ClInclude Include="..\..\json\rapidjson\filestream.h">
      <Filter>json\rapidjson</Filter>
    </ClInclude>
    <ClInclude Include="..\..\json\rapidjson\prettywriter.h">
      <Filter>json\rapidjson</Filter>
    </ClInclude>
    <ClInclude Include="..\..\json\rapidjson\rapidjson.h">
      <Filter>json\rapidjson</Filter>
    </ClInclude>
    <ClInclude Include="..\..\json\rapidjson\reader.h">
      <Filter>json\rapidjson</Filter>
    </ClInclude>
    <ClInclude Include="..\..\json\rapidjson\stringbuffer.h">
      <Filter>json\rapidjson</Filter>
    </ClInclude>
    <ClInclude Include="..\..\json\rapidjson\writer.h">
      <Filter>json\rapidjson</Filter>
    </ClInclude>
    <ClInclude Include="..\..\json\rapidjson\internal\pow10.h">
      <Filter>json\rapidjson\internal</Filter>
    </ClInclude>
    <ClInclude Include="..\..\json\rapidjson\internal\stack.h">
      <Filter>json\rapidjson\internal</Filter>
    </ClInclude>
    <ClInclude Include="..\..\json\rapidjson\internal\strfunc.h">
      <Filter>json\rapidjson\internal</Filter>
    </ClInclude>
  </ItemGroup>
  <ItemGroup>
    <None Include="..\..\protocol\build.bat">
      <Filter>protocol</Filter>
    </None>
    <None Include="..\..\protocol\game.proto">
      <Filter>protocol</Filter>
    </None>
    <None Include="..\..\protocol\platform.proto">
      <Filter>protocol</Filter>
    </None>
    <None Include="..\..\protocol\protoc">
      <Filter>protocol</Filter>
    </None>
    <None Include="..\..\protocol\protoc.exe">
      <Filter>protocol</Filter>
    </None>
  </ItemGroup>
  <ItemGroup>
    <Text Include="..\..\protocol\命令.txt">
      <Filter>protocol</Filter>
    </Text>
  </ItemGroup>
</Project>