<?xml version="1.0" encoding="utf-8"?>
<Project ToolsVersion="4.0" xmlns="http://schemas.microsoft.com/developer/msbuild/2003">
  <ItemGroup>
    <Filter Include="center_server">
      <UniqueIdentifier>{c3150226-70a7-4102-9ac7-71f571b13802}</UniqueIdentifier>
    </Filter>
    <Filter Include="http_server">
      <UniqueIdentifier>{60955ad1-6484-46c5-93c8-00334c2c8ad2}</UniqueIdentifier>
    </Filter>
    <Filter Include="protocol">
      <UniqueIdentifier>{288f5460-f473-4650-be5d-bbd9a7963a6d}</UniqueIdentifier>
    </Filter>
    <Filter Include="src">
      <UniqueIdentifier>{c86df804-b027-4fa3-8472-6cd3d498cf5c}</UniqueIdentifier>
    </Filter>
    <Filter Include="platform_server">
      <UniqueIdentifier>{3b7c7af6-8c3c-4a75-b519-c43bda1d8ebc}</UniqueIdentifier>
    </Filter>
    <Filter Include="game_server">
      <UniqueIdentifier>{65e0eed9-65a0-47ef-904a-583ba1a29bd3}</UniqueIdentifier>
    </Filter>
    <Filter Include="game_ai">
      <UniqueIdentifier>{512ce709-7a5b-487f-ad9c-4aa20d02f4ca}</UniqueIdentifier>
    </Filter>
    <Filter Include="chat">
      <UniqueIdentifier>{5f2abd48-907a-4172-bd90-4404add8030d}</UniqueIdentifier>
    </Filter>
    <Filter Include="data_server">
      <UniqueIdentifier>{c03b07de-8117-4a20-869c-fec804fbde1e}</UniqueIdentifier>
    </Filter>
    <Filter Include="game_client">
      <UniqueIdentifier>{5d339d1e-34e2-4019-adcb-ae832810ea40}</UniqueIdentifier>
    </Filter>
  </ItemGroup>
  <ItemGroup>
    <ClCompile Include="..\center_server\CenterServer.cpp">
      <Filter>center_server</Filter>
    </ClCompile>
    <ClCompile Include="..\http_server\http_server_business.cpp">
      <Filter>http_server</Filter>
    </ClCompile>
    <ClCompile Include="..\platform_server\PlatformServer.cpp">
      <Filter>platform_server</Filter>
    </ClCompile>
    <ClCompile Include="..\protocol\game.pb.cc">
      <Filter>protocol</Filter>
    </ClCompile>
    <ClCompile Include="..\protocol\platform.pb.cc">
      <Filter>protocol</Filter>
    </ClCompile>
    <ClCompile Include="..\src\center_server_main.cpp">
      <Filter>src</Filter>
    </ClCompile>
    <ClCompile Include="..\src\http_server_main.cpp">
      <Filter>src</Filter>
    </ClCompile>
    <ClCompile Include="..\src\main.cpp">
      <Filter>src</Filter>
    </ClCompile>
    <ClCompile Include="..\src\platform_server_main.cpp">
      <Filter>src</Filter>
    </ClCompile>
    <ClCompile Include="..\src\pubsub_main.cpp">
      <Filter>src</Filter>
    </ClCompile>
    <ClCompile Include="..\src\nanomsg_survey_main.cpp">
      <Filter>src</Filter>
    </ClCompile>
    <ClCompile Include="..\src\protobufrpc_main.cpp">
      <Filter>src</Filter>
    </ClCompile>
    <ClCompile Include="..\game_ai\game_ai.cpp">
      <Filter>game_ai</Filter>
    </ClCompile>
    <ClCompile Include="..\protocol\chat.pb.cc">
      <Filter>protocol</Filter>
    </ClCompile>
    <ClCompile Include="..\src\chat_server_main.cpp">
      <Filter>src</Filter>
    </ClCompile>
    <ClCompile Include="..\chat\chat_client.cpp">
      <Filter>chat</Filter>
    </ClCompile>
    <ClCompile Include="..\chat\chat_server.cpp">
      <Filter>chat</Filter>
    </ClCompile>
    <ClCompile Include="..\src\timer_server_main.cpp">
      <Filter>src</Filter>
    </ClCompile>
    <ClCompile Include="..\data_server\UserSession.cpp">
      <Filter>data_server</Filter>
    </ClCompile>
    <ClCompile Include="..\src\http_client_main.cpp">
      <Filter>src</Filter>
    </ClCompile>
    <ClCompile Include="..\data_server\UserServer.cpp">
      <Filter>data_server</Filter>
    </ClCompile>
    <ClCompile Include="..\src\game_server_main.cpp">
      <Filter>src</Filter>
    </ClCompile>
    <ClCompile Include="..\game_client\GameClient.cpp">
      <Filter>game_client</Filter>
    </ClCompile>
    <ClCompile Include="..\game_client\GameClientHandler.cpp">
      <Filter>game_client</Filter>
    </ClCompile>
    <ClCompile Include="..\game_server\GameServerMgr.cpp">
      <Filter>game_server</Filter>
    </ClCompile>
    <ClCompile Include="..\game_server\GameDeskHandler.cpp">
      <Filter>game_server</Filter>
    </ClCompile>
    <ClCompile Include="..\platform_server\RoomServerMgr.cpp">
      <Filter>platform_server</Filter>
    </ClCompile>
  </ItemGroup>
  <ItemGroup>
    <ClInclude Include="..\center_server\CenterServer.h">
      <Filter>center_server</Filter>
    </ClInclude>
    <ClInclude Include="..\http_server\http_server_business.h">
      <Filter>http_server</Filter>
    </ClInclude>
    <ClInclude Include="..\platform_server\PlatformServer.h">
      <Filter>platform_server</Filter>
    </ClInclude>
    <ClInclude Include="..\protocol\command.h">
      <Filter>protocol</Filter>
    </ClInclude>
    <ClInclude Include="..\protocol\game.pb.h">
      <Filter>protocol</Filter>
    </ClInclude>
    <ClInclude Include="..\protocol\platform.pb.h">
      <Filter>protocol</Filter>
    </ClInclude>
    <ClInclude Include="..\src\main.h">
      <Filter>src</Filter>
    </ClInclude>
    <ClInclude Include="..\game_ai\game_ai.h">
      <Filter>game_ai</Filter>
    </ClInclude>
    <ClInclude Include="..\protocol\chat.pb.h">
      <Filter>protocol</Filter>
    </ClInclude>
    <ClInclude Include="..\chat\chat_client.h">
      <Filter>chat</Filter>
    </ClInclude>
    <ClInclude Include="..\chat\chat_server.h">
      <Filter>chat</Filter>
    </ClInclude>
    <ClInclude Include="..\data_server\common_struct.h">
      <Filter>data_server</Filter>
    </ClInclude>
    <ClInclude Include="..\data_server\UserSession.h">
      <Filter>data_server</Filter>
    </ClInclude>
    <ClInclude Include="..\data_server\UserServer.h">
      <Filter>data_server</Filter>
    </ClInclude>
    <ClInclude Include="..\game_client\GameClient.h">
      <Filter>game_client</Filter>
    </ClInclude>
    <ClInclude Include="..\game_client\GameClientHandler.h">
      <Filter>game_client</Filter>
    </ClInclude>
    <ClInclude Include="..\game_server\GameServerMgr.h">
      <Filter>game_server</Filter>
    </ClInclude>
    <ClInclude Include="..\game_server\GameDeskHandler.h">
      <Filter>game_server</Filter>
    </ClInclude>
    <ClInclude Include="..\platform_server\RoomServerMgr.h">
      <Filter>platform_server</Filter>
    </ClInclude>
  </ItemGroup>
  <ItemGroup>
    <None Include="..\protocol\build.bat">
      <Filter>protocol</Filter>
    </None>
    <None Include="..\protocol\game.proto">
      <Filter>protocol</Filter>
    </None>
    <None Include="..\protocol\platform.proto">
      <Filter>protocol</Filter>
    </None>
    <None Include="..\protocol\protoc">
      <Filter>protocol</Filter>
    </None>
    <None Include="..\protocol\protoc.exe">
      <Filter>protocol</Filter>
    </None>
    <None Include="..\protocol\chat.proto">
      <Filter>protocol</Filter>
    </None>
  </ItemGroup>
</Project>